
Microsoft Visual Studio Solution File, Format Version 12.00
# Visual Studio Version 16
VisualStudioVersion = 16.0.31205.134
MinimumVisualStudioVersion = 10.0.40219.1
Project("{9A19103F-16F7-4668-BE54-9A1E7A4F7556}") = "Chesham.Sockets", "Sockets\Chesham.Sockets.csproj", "{23623EBA-206C-435D-9C5D-5CA1C66CDC6B}"
EndProject
Project("{FAE04EC0-301F-11D3-BF4B-00C04F79EFBC}") = "Chesham.Sockets.Test", "Chesham.Sockets.Test\Chesham.Sockets.Test.csproj", "{0BC91A55-EF9F-4F1F-A40A-36413ABE8454}"
EndProject
Global
	GlobalSection(SolutionConfigurationPlatforms) = preSolution
		Debug|Any CPU = Debug|Any CPU
		Release|Any CPU = Release|Any CPU
	EndGlobalSection
	GlobalSection(ProjectConfigurationPlatforms) = postSolution
		{23623EBA-206C-435D-9C5D-5CA1C66CDC6B}.Debug|Any CPU.ActiveCfg = Debug|Any CPU
		{23623EBA-206C-435D-9C5D-5CA1C66CDC6B}.Debug|Any CPU.Build.0 = Debug|Any CPU
		{23623EBA-206C-435D-9C5D-5CA1C66CDC6B}.Release|Any CPU.ActiveCfg = Release|Any CPU
		{23623EBA-206C-435D-9C5D-5CA1C66CDC6B}.Release|Any CPU.Build.0 = Release|Any CPU
		{0BC91A55-EF9F-4F1F-A40A-36413ABE8454}.Debug|Any CPU.ActiveCfg = Debug|Any CPU
		{0BC91A55-EF9F-4F1F-A40A-36413ABE8454}.Debug|Any CPU.Build.0 = Debug|Any CPU
		{0BC91A55-EF9F-4F1F-A40A-36413ABE8454}.Release|Any CPU.ActiveCfg = Release|Any CPU
		{0BC91A55-EF9F-4F1F-A40A-36413ABE8454}.Release|Any CPU.Build.0 = Release|Any CPU
	EndGlobalSection
	GlobalSection(SolutionProperties) = preSolution
		HideSolutionNode = FALSE
	EndGlobalSection
	GlobalSection(ExtensibilityGlobals) = postSolution
		SolutionGuid = {B2D04987-2FC9-414E-964A-7FEC63EDEC98}
	EndGlobalSection
EndGlobal
